
Microsoft Visual Studio Solution File, Format Version 12.00
# Visual Studio Version 17
VisualStudioVersion = 17.8.34330.188
MinimumVisualStudioVersion = 10.0.40219.1
Project("{9A19103F-16F7-4668-BE54-9A1E7A4F7556}") = "PizzaStore", "PizzaStore.csproj", "{DD0A718A-C07B-49BE-BB66-6C71D2424489}"
EndProject
Global
	GlobalSection(SolutionConfigurationPlatforms) = preSolution
		Debug|Any CPU = Debug|Any CPU
		Release|Any CPU = Release|Any CPU
	EndGlobalSection
	GlobalSection(ProjectConfigurationPlatforms) = postSolution
		{DD0A718A-C07B-49BE-BB66-6C71D2424489}.Debug|Any CPU.ActiveCfg = Debug|Any CPU
		{DD0A718A-C07B-49BE-BB66-6C71D2424489}.Debug|Any CPU.Build.0 = Debug|Any CPU
		{DD0A718A-C07B-49BE-BB66-6C71D2424489}.Release|Any CPU.ActiveCfg = Release|Any CPU
		{DD0A718A-C07B-49BE-BB66-6C71D2424489}.Release|Any CPU.Build.0 = Release|Any CPU
	EndGlobalSection
	GlobalSection(SolutionProperties) = preSolution
		HideSolutionNode = FALSE
	EndGlobalSection
	GlobalSection(ExtensibilityGlobals) = postSolution
		SolutionGuid = {0806A331-EFDE-4E67-B3DA-41A10402B4D3}
	EndGlobalSection
EndGlobal
